
Microsoft Visual Studio Solution File, Format Version 12.00
# Visual Studio Version 16
VisualStudioVersion = 16.0.31702.278
MinimumVisualStudioVersion = 10.0.40219.1
Project("{FAE04EC0-301F-11D3-BF4B-00C04F79EFBC}") = "UserMaintenance0", "UserMaintenance0\UserMaintenance0.csproj", "{764C4ED9-4CF6-48D6-B4AB-1619CBF8F790}"
EndProject
Project("{FAE04EC0-301F-11D3-BF4B-00C04F79EFBC}") = "Export", "..\..\Export\Export\Export.csproj", "{4A23BF5B-900E-4B0D-B53B-DFFD1F76DE81}"
EndProject
Project("{FAE04EC0-301F-11D3-BF4B-00C04F79EFBC}") = "Hatodik_Het", "Hatodik_Het\Hatodik_Het.csproj", "{9172EE3F-4C99-4E45-91C0-D84501BB4EE2}"
EndProject
Project("{FAE04EC0-301F-11D3-BF4B-00C04F79EFBC}") = "HW_Six", "HW_Six\HW_Six.csproj", "{5E4CDC9A-9F56-4B7C-A5B0-C89AE8837360}"
EndProject
Project("{FAE04EC0-301F-11D3-BF4B-00C04F79EFBC}") = "NyolcadikHet", "NyolcadikHet\NyolcadikHet.csproj", "{734895AE-6C7C-4519-B997-87C31420DA15}"
EndProject
Global
	GlobalSection(SolutionConfigurationPlatforms) = preSolution
		Debug|Any CPU = Debug|Any CPU
		Release|Any CPU = Release|Any CPU
	EndGlobalSection
	GlobalSection(ProjectConfigurationPlatforms) = postSolution
		{764C4ED9-4CF6-48D6-B4AB-1619CBF8F790}.Debug|Any CPU.ActiveCfg = Debug|Any CPU
		{764C4ED9-4CF6-48D6-B4AB-1619CBF8F790}.Debug|Any CPU.Build.0 = Debug|Any CPU
		{764C4ED9-4CF6-48D6-B4AB-1619CBF8F790}.Release|Any CPU.ActiveCfg = Release|Any CPU
		{764C4ED9-4CF6-48D6-B4AB-1619CBF8F790}.Release|Any CPU.Build.0 = Release|Any CPU
		{4A23BF5B-900E-4B0D-B53B-DFFD1F76DE81}.Debug|Any CPU.ActiveCfg = Debug|Any CPU
		{4A23BF5B-900E-4B0D-B53B-DFFD1F76DE81}.Debug|Any CPU.Build.0 = Debug|Any CPU
		{4A23BF5B-900E-4B0D-B53B-DFFD1F76DE81}.Release|Any CPU.ActiveCfg = Release|Any CPU
		{4A23BF5B-900E-4B0D-B53B-DFFD1F76DE81}.Release|Any CPU.Build.0 = Release|Any CPU
		{9172EE3F-4C99-4E45-91C0-D84501BB4EE2}.Debug|Any CPU.ActiveCfg = Debug|Any CPU
		{9172EE3F-4C99-4E45-91C0-D84501BB4EE2}.Debug|Any CPU.Build.0 = Debug|Any CPU
		{9172EE3F-4C99-4E45-91C0-D84501BB4EE2}.Release|Any CPU.ActiveCfg = Release|Any CPU
		{9172EE3F-4C99-4E45-91C0-D84501BB4EE2}.Release|Any CPU.Build.0 = Release|Any CPU
		{5E4CDC9A-9F56-4B7C-A5B0-C89AE8837360}.Debug|Any CPU.ActiveCfg = Debug|Any CPU
		{5E4CDC9A-9F56-4B7C-A5B0-C89AE8837360}.Debug|Any CPU.Build.0 = Debug|Any CPU
		{5E4CDC9A-9F56-4B7C-A5B0-C89AE8837360}.Release|Any CPU.ActiveCfg = Release|Any CPU
		{5E4CDC9A-9F56-4B7C-A5B0-C89AE8837360}.Release|Any CPU.Build.0 = Release|Any CPU
		{734895AE-6C7C-4519-B997-87C31420DA15}.Debug|Any CPU.ActiveCfg = Debug|Any CPU
		{734895AE-6C7C-4519-B997-87C31420DA15}.Debug|Any CPU.Build.0 = Debug|Any CPU
		{734895AE-6C7C-4519-B997-87C31420DA15}.Release|Any CPU.ActiveCfg = Release|Any CPU
		{734895AE-6C7C-4519-B997-87C31420DA15}.Release|Any CPU.Build.0 = Release|Any CPU
	EndGlobalSection
	GlobalSection(SolutionProperties) = preSolution
		HideSolutionNode = FALSE
	EndGlobalSection
	GlobalSection(ExtensibilityGlobals) = postSolution
		SolutionGuid = {C1CD098E-9B0E-4730-AFDA-AA6945EA0B52}
	EndGlobalSection
EndGlobal
